
Microsoft Visual Studio Solution File, Format Version 12.00
# Visual Studio Version 17
VisualStudioVersion = 17.14.36518.9 d17.14
MinimumVisualStudioVersion = 10.0.40219.1
Project("{FAE04EC0-301F-11D3-BF4B-00C04F79EFBC}") = "Barberia.WebAPI", "Barberia.WebAPI.csproj", "{6A2F5DC9-6F91-43D8-9BF5-30155BC59C9E}"
EndProject
Project("{FAE04EC0-301F-11D3-BF4B-00C04F79EFBC}") = "Barberia.Domain", "..\Barberia.Domain\Barberia.Domain.csproj", "{C4105FC1-6873-419B-892B-BF1A1046092E}"
EndProject
Project("{FAE04EC0-301F-11D3-BF4B-00C04F79EFBC}") = "Barberia.Application", "..\Barberia.Application\Barberia.Application.csproj", "{F6F0035C-BC7B-440E-AF08-0F2687A0C0BC}"
EndProject
Project("{FAE04EC0-301F-11D3-BF4B-00C04F79EFBC}") = "Barberia.Infrastructure", "..\Barberia.Infrastructure\Barberia.Infrastructure.csproj", "{34177D86-F16A-4549-B3B4-E500E634C3B8}"
EndProject
Global
	GlobalSection(SolutionConfigurationPlatforms) = preSolution
		Debug|Any CPU = Debug|Any CPU
		Release|Any CPU = Release|Any CPU
	EndGlobalSection
	GlobalSection(ProjectConfigurationPlatforms) = postSolution
		{6A2F5DC9-6F91-43D8-9BF5-30155BC59C9E}.Debug|Any CPU.ActiveCfg = Debug|Any CPU
		{6A2F5DC9-6F91-43D8-9BF5-30155BC59C9E}.Debug|Any CPU.Build.0 = Debug|Any CPU
		{6A2F5DC9-6F91-43D8-9BF5-30155BC59C9E}.Release|Any CPU.ActiveCfg = Release|Any CPU
		{6A2F5DC9-6F91-43D8-9BF5-30155BC59C9E}.Release|Any CPU.Build.0 = Release|Any CPU
		{C4105FC1-6873-419B-892B-BF1A1046092E}.Debug|Any CPU.ActiveCfg = Debug|Any CPU
		{C4105FC1-6873-419B-892B-BF1A1046092E}.Debug|Any CPU.Build.0 = Debug|Any CPU
		{C4105FC1-6873-419B-892B-BF1A1046092E}.Release|Any CPU.ActiveCfg = Release|Any CPU
		{C4105FC1-6873-419B-892B-BF1A1046092E}.Release|Any CPU.Build.0 = Release|Any CPU
		{F6F0035C-BC7B-440E-AF08-0F2687A0C0BC}.Debug|Any CPU.ActiveCfg = Debug|Any CPU
		{F6F0035C-BC7B-440E-AF08-0F2687A0C0BC}.Debug|Any CPU.Build.0 = Debug|Any CPU
		{F6F0035C-BC7B-440E-AF08-0F2687A0C0BC}.Release|Any CPU.ActiveCfg = Release|Any CPU
		{F6F0035C-BC7B-440E-AF08-0F2687A0C0BC}.Release|Any CPU.Build.0 = Release|Any CPU
		{34177D86-F16A-4549-B3B4-E500E634C3B8}.Debug|Any CPU.ActiveCfg = Debug|Any CPU
		{34177D86-F16A-4549-B3B4-E500E634C3B8}.Debug|Any CPU.Build.0 = Debug|Any CPU
		{34177D86-F16A-4549-B3B4-E500E634C3B8}.Release|Any CPU.ActiveCfg = Release|Any CPU
		{34177D86-F16A-4549-B3B4-E500E634C3B8}.Release|Any CPU.Build.0 = Release|Any CPU
	EndGlobalSection
	GlobalSection(SolutionProperties) = preSolution
		HideSolutionNode = FALSE
	EndGlobalSection
	GlobalSection(ExtensibilityGlobals) = postSolution
		SolutionGuid = {B38F744A-F207-4811-A552-ED2A1D9FEABB}
	EndGlobalSection
EndGlobal
